
Microsoft Visual Studio Solution File, Format Version 12.00
# Visual Studio Version 17
VisualStudioVersion = 17.11.35303.130
MinimumVisualStudioVersion = 10.0.40219.1
Project("{888888A0-9F3D-457C-B088-3A5042F75D52}") = "cilindro 2 prueba", "cilindro 2 prueba.pyproj", "{FBADAC47-941F-487D-954C-A5F06899736D}"
EndProject
Global
	GlobalSection(SolutionConfigurationPlatforms) = preSolution
		Debug|Any CPU = Debug|Any CPU
		Release|Any CPU = Release|Any CPU
	EndGlobalSection
	GlobalSection(ProjectConfigurationPlatforms) = postSolution
		{FBADAC47-941F-487D-954C-A5F06899736D}.Debug|Any CPU.ActiveCfg = Debug|Any CPU
		{FBADAC47-941F-487D-954C-A5F06899736D}.Release|Any CPU.ActiveCfg = Release|Any CPU
	EndGlobalSection
	GlobalSection(SolutionProperties) = preSolution
		HideSolutionNode = FALSE
	EndGlobalSection
	GlobalSection(ExtensibilityGlobals) = postSolution
		SolutionGuid = {562893CE-9A2A-4716-9337-80CA04402BBA}
	EndGlobalSection
EndGlobal
